
Microsoft Visual Studio Solution File, Format Version 12.00
# Visual Studio Version 17
VisualStudioVersion = 17.2.32630.192
MinimumVisualStudioVersion = 10.0.40219.1
Project("{9A19103F-16F7-4668-BE54-9A1E7A4F7556}") = "Cave.Data", "Cave.Data\Cave.Data.csproj", "{BDD06D0F-057C-4511-BB2F-481010DB637E}"
EndProject
Project("{2150E333-8FDC-42A3-9474-1A3956D46DE8}") = "Solution Items", "Solution Items", "{94D4E64B-81DE-4F1A-8582-7EADFFFA9075}"
	ProjectSection(SolutionItems) = preProject
		.editorconfig = .editorconfig
		.gitignore = .gitignore
		azure-pipelines.yml = azure-pipelines.yml
		build.bat = build.bat
		cavesystems.pdn = cavesystems.pdn
		cavesystems.png = cavesystems.png
		CodeMaid.config = CodeMaid.config
		Directory.Build.props = Directory.Build.props
		Directory.Build.targets = Directory.Build.targets
		global.json = global.json
		LICENSE = LICENSE
	EndProjectSection
EndProject
Project("{2150E333-8FDC-42A3-9474-1A3956D46DE8}") = "Test", "Test", "{1059BA2B-D35D-4283-95AB-B180CCEE9800}"
EndProject
Project("{9A19103F-16F7-4668-BE54-9A1E7A4F7556}") = "net_2.0-3.5", "Test\net_2.0-3.5.csproj", "{CF546A0E-8FC3-4A63-969A-16753CEB14E8}"
EndProject
Project("{9A19103F-16F7-4668-BE54-9A1E7A4F7556}") = "net_4.x", "Test\net_4.x.csproj", "{AF3872BD-35F7-4949-9004-6B852273BD69}"
EndProject
Project("{9A19103F-16F7-4668-BE54-9A1E7A4F7556}") = "net_5+", "Test\net_5+.csproj", "{DB127854-2283-4CA8-B7C2-E28F236BDCFB}"
EndProject
Project("{9A19103F-16F7-4668-BE54-9A1E7A4F7556}") = "dbstructs", "dbstructs\dbstructs.csproj", "{A9D8595B-7F32-4288-9C15-142EED01E49E}"
EndProject
Project("{9A19103F-16F7-4668-BE54-9A1E7A4F7556}") = "dbstructs.test", "dbstructs.test\dbstructs.test.csproj", "{BCE99687-E70D-4FA9-8D2B-8B88C495987D}"
	ProjectSection(ProjectDependencies) = postProject
		{24863FFC-935E-432D-BF21-10BD2E9D24A1} = {24863FFC-935E-432D-BF21-10BD2E9D24A1}
	EndProjectSection
EndProject
Project("{9A19103F-16F7-4668-BE54-9A1E7A4F7556}") = "dbstructs.create", "dbstructs.test\dbstructs.create.csproj", "{24863FFC-935E-432D-BF21-10BD2E9D24A1}"
EndProject
Global
	GlobalSection(SolutionConfigurationPlatforms) = preSolution
		Debug|Any CPU = Debug|Any CPU
		Release|Any CPU = Release|Any CPU
	EndGlobalSection
	GlobalSection(ProjectConfigurationPlatforms) = postSolution
		{BDD06D0F-057C-4511-BB2F-481010DB637E}.Debug|Any CPU.ActiveCfg = Debug|Any CPU
		{BDD06D0F-057C-4511-BB2F-481010DB637E}.Debug|Any CPU.Build.0 = Debug|Any CPU
		{BDD06D0F-057C-4511-BB2F-481010DB637E}.Release|Any CPU.ActiveCfg = Release|Any CPU
		{BDD06D0F-057C-4511-BB2F-481010DB637E}.Release|Any CPU.Build.0 = Release|Any CPU
		{CF546A0E-8FC3-4A63-969A-16753CEB14E8}.Debug|Any CPU.ActiveCfg = Debug|Any CPU
		{CF546A0E-8FC3-4A63-969A-16753CEB14E8}.Debug|Any CPU.Build.0 = Debug|Any CPU
		{CF546A0E-8FC3-4A63-969A-16753CEB14E8}.Release|Any CPU.ActiveCfg = Release|Any CPU
		{CF546A0E-8FC3-4A63-969A-16753CEB14E8}.Release|Any CPU.Build.0 = Release|Any CPU
		{AF3872BD-35F7-4949-9004-6B852273BD69}.Debug|Any CPU.ActiveCfg = Debug|Any CPU
		{AF3872BD-35F7-4949-9004-6B852273BD69}.Debug|Any CPU.Build.0 = Debug|Any CPU
		{AF3872BD-35F7-4949-9004-6B852273BD69}.Release|Any CPU.ActiveCfg = Release|Any CPU
		{AF3872BD-35F7-4949-9004-6B852273BD69}.Release|Any CPU.Build.0 = Release|Any CPU
		{DB127854-2283-4CA8-B7C2-E28F236BDCFB}.Debug|Any CPU.ActiveCfg = Debug|Any CPU
		{DB127854-2283-4CA8-B7C2-E28F236BDCFB}.Debug|Any CPU.Build.0 = Debug|Any CPU
		{DB127854-2283-4CA8-B7C2-E28F236BDCFB}.Release|Any CPU.ActiveCfg = Release|Any CPU
		{DB127854-2283-4CA8-B7C2-E28F236BDCFB}.Release|Any CPU.Build.0 = Release|Any CPU
		{A9D8595B-7F32-4288-9C15-142EED01E49E}.Debug|Any CPU.ActiveCfg = Debug|Any CPU
		{A9D8595B-7F32-4288-9C15-142EED01E49E}.Debug|Any CPU.Build.0 = Debug|Any CPU
		{A9D8595B-7F32-4288-9C15-142EED01E49E}.Release|Any CPU.ActiveCfg = Release|Any CPU
		{A9D8595B-7F32-4288-9C15-142EED01E49E}.Release|Any CPU.Build.0 = Release|Any CPU
		{BCE99687-E70D-4FA9-8D2B-8B88C495987D}.Debug|Any CPU.ActiveCfg = Debug|Any CPU
		{BCE99687-E70D-4FA9-8D2B-8B88C495987D}.Debug|Any CPU.Build.0 = Debug|Any CPU
		{BCE99687-E70D-4FA9-8D2B-8B88C495987D}.Release|Any CPU.ActiveCfg = Release|Any CPU
		{BCE99687-E70D-4FA9-8D2B-8B88C495987D}.Release|Any CPU.Build.0 = Release|Any CPU
		{24863FFC-935E-432D-BF21-10BD2E9D24A1}.Debug|Any CPU.ActiveCfg = Debug|Any CPU
		{24863FFC-935E-432D-BF21-10BD2E9D24A1}.Debug|Any CPU.Build.0 = Debug|Any CPU
		{24863FFC-935E-432D-BF21-10BD2E9D24A1}.Release|Any CPU.ActiveCfg = Release|Any CPU
		{24863FFC-935E-432D-BF21-10BD2E9D24A1}.Release|Any CPU.Build.0 = Release|Any CPU
	EndGlobalSection
	GlobalSection(SolutionProperties) = preSolution
		HideSolutionNode = FALSE
	EndGlobalSection
	GlobalSection(NestedProjects) = preSolution
		{CF546A0E-8FC3-4A63-969A-16753CEB14E8} = {1059BA2B-D35D-4283-95AB-B180CCEE9800}
		{AF3872BD-35F7-4949-9004-6B852273BD69} = {1059BA2B-D35D-4283-95AB-B180CCEE9800}
		{DB127854-2283-4CA8-B7C2-E28F236BDCFB} = {1059BA2B-D35D-4283-95AB-B180CCEE9800}
	EndGlobalSection
	GlobalSection(ExtensibilityGlobals) = postSolution
		SolutionGuid = {3F4B7F5E-1241-4B70-AA7B-2D0E7C7E0D19}
	EndGlobalSection
EndGlobal
